
Microsoft Visual Studio Solution File, Format Version 12.00
# Visual Studio Version 16
VisualStudioVersion = 16.0.30114.105
MinimumVisualStudioVersion = 10.0.40219.1
Project("{9A19103F-16F7-4668-BE54-9A1E7A4F7556}") = "R5T.F0010", "R5T.F0010\R5T.F0010.csproj", "{D4A987D5-A8AD-4A55-A2EA-A2F6E28B599C}"
EndProject
Project("{2150E333-8FDC-42A3-9474-1A3956D46DE8}") = "_Dependencies", "_Dependencies", "{176F68EC-DC4C-40DE-B1A3-5EE2C3555377}"
EndProject
Project("{9A19103F-16F7-4668-BE54-9A1E7A4F7556}") = "R5T.X0008", "..\..\R5T.X0008\source\R5T.X0008\R5T.X0008.csproj", "{D2438FBC-9426-4015-9972-F6FB068BA211}"
EndProject
Project("{9A19103F-16F7-4668-BE54-9A1E7A4F7556}") = "R5T.F0008", "..\..\R5T.F0008\source\R5T.F0008\R5T.F0008.csproj", "{1E88E576-029E-417C-9DEF-3592BE0861CA}"
EndProject
Project("{9A19103F-16F7-4668-BE54-9A1E7A4F7556}") = "R5T.F0009", "..\..\R5T.F0009\source\R5T.F0009\R5T.F0009.csproj", "{26A1FCEA-22C7-4623-BBF0-9B1375633684}"
EndProject
Project("{9A19103F-16F7-4668-BE54-9A1E7A4F7556}") = "R5T.L0011", "..\..\R5T.L0011\source\R5T.L0011\R5T.L0011.csproj", "{C045CD6F-9F6E-4CD2-B324-B7AC3EC32EE9}"
EndProject
Project("{9A19103F-16F7-4668-BE54-9A1E7A4F7556}") = "R5T.T0132", "..\..\R5T.T0132\source\R5T.T0132\R5T.T0132.csproj", "{4FEB1991-7ACB-4F71-92D2-3EB542AEFE3D}"
EndProject
Project("{9A19103F-16F7-4668-BE54-9A1E7A4F7556}") = "R5T.B0006.X0005", "..\..\R5T.B0006.X0005\source\R5T.B0006.X0005\R5T.B0006.X0005.csproj", "{478C51D2-A768-4D5C-868E-4B9D5C10EA6C}"
EndProject
Project("{9A19103F-16F7-4668-BE54-9A1E7A4F7556}") = "R5T.B0006", "..\..\R5T.B0006\source\R5T.B0006\R5T.B0006.csproj", "{64C6B7F6-4FE1-424C-B761-AB0AD064DF4B}"
EndProject
Project("{9A19103F-16F7-4668-BE54-9A1E7A4F7556}") = "R5T.T0039.T002", "..\..\R5T.T0039\source\R5T.T0039.T002\R5T.T0039.T002.csproj", "{6B65F475-36EE-4A25-9638-8F4CDA9718CD}"
EndProject
Project("{9A19103F-16F7-4668-BE54-9A1E7A4F7556}") = "R5T.Z0003", "..\..\R5T.Z0003\source\R5T.Z0003\R5T.Z0003.csproj", "{4AECF61F-4966-4CB6-8C76-BAC692CD1D98}"
EndProject
Project("{9A19103F-16F7-4668-BE54-9A1E7A4F7556}") = "R5T.T0131", "..\..\R5T.T0131\source\R5T.T0131\R5T.T0131.csproj", "{AAA012CA-E568-470F-976B-5AB980BF4810}"
EndProject
Project("{9A19103F-16F7-4668-BE54-9A1E7A4F7556}") = "R5T.X0007", "..\..\R5T.X0007\source\R5T.X0007\R5T.X0007.csproj", "{F75FA300-3826-4652-8F19-093896079828}"
EndProject
Project("{9A19103F-16F7-4668-BE54-9A1E7A4F7556}") = "R5T.B0006.X0001", "..\..\R5T.B0006.X0001\source\R5T.B0006.X0001\R5T.B0006.X0001.csproj", "{94ADF1FB-FA76-4867-A731-6F54D1DF1D8D}"
EndProject
Project("{9A19103F-16F7-4668-BE54-9A1E7A4F7556}") = "R5T.F0004", "..\..\R5T.F0004\source\R5T.F0004\R5T.F0004.csproj", "{3EFD92A1-8ACF-456D-85A5-2F01DB11DF9A}"
EndProject
Project("{9A19103F-16F7-4668-BE54-9A1E7A4F7556}") = "R5T.B0006.X0002", "..\..\R5T.B0006.X0002\source\R5T.B0006.X0002\R5T.B0006.X0002.csproj", "{FE2CFBDC-01D4-4A0C-BC3A-5B2D2D16F9DE}"
EndProject
Project("{9A19103F-16F7-4668-BE54-9A1E7A4F7556}") = "R5T.F0005", "..\..\R5T.F0005\source\R5T.F0005\R5T.F0005.csproj", "{5DFF86C1-8E87-4B4E-BE68-BF5930226FFA}"
EndProject
Project("{9A19103F-16F7-4668-BE54-9A1E7A4F7556}") = "R5T.X0005", "..\..\R5T.X0005\source\R5T.X0005\R5T.X0005.csproj", "{5686D688-5F66-44E6-8AF3-CD2B9D17EE6A}"
EndProject
Project("{9A19103F-16F7-4668-BE54-9A1E7A4F7556}") = "R5T.F0003", "..\..\R5T.F0003\source\R5T.F0003\R5T.F0003.csproj", "{0C6BAC9D-FED9-48F9-BAD7-AF363E0F2989}"
EndProject
Project("{9A19103F-16F7-4668-BE54-9A1E7A4F7556}") = "R5T.X0010", "..\..\R5T.X0010\source\R5T.X0010\R5T.X0010.csproj", "{1BC8D1D4-D5C2-4A75-ADBA-C4416619D73F}"
EndProject
Project("{9A19103F-16F7-4668-BE54-9A1E7A4F7556}") = "R5T.X0011", "..\..\R5T.X0011\source\R5T.X0011\R5T.X0011.csproj", "{E9D1ADC0-758D-4A53-8DD5-16D1356FD8EC}"
EndProject
Project("{9A19103F-16F7-4668-BE54-9A1E7A4F7556}") = "R5T.Magyar", "..\..\R5T.Magyar\source\R5T.Magyar\R5T.Magyar.csproj", "{F71D9AC7-B58A-4288-9D12-A619AA61A10F}"
EndProject
Project("{9A19103F-16F7-4668-BE54-9A1E7A4F7556}") = "R5T.F0011", "..\..\R5T.F0011\source\R5T.F0011\R5T.F0011.csproj", "{B517FC68-5B94-4D59-93BE-F2009C14E3F6}"
EndProject
Project("{9A19103F-16F7-4668-BE54-9A1E7A4F7556}") = "R5T.X0009", "..\..\R5T.X0009\source\R5T.X0009\R5T.X0009.csproj", "{FF7B1EAF-6175-4E77-86C0-38883EC957FA}"
EndProject
Project("{9A19103F-16F7-4668-BE54-9A1E7A4F7556}") = "R5T.F0012", "..\..\R5T.F0012\source\R5T.F0012\R5T.F0012.csproj", "{14305D53-48E4-4B29-A166-F126856CEE48}"
EndProject
Project("{9A19103F-16F7-4668-BE54-9A1E7A4F7556}") = "R5T.T0135", "..\..\R5T.T0135\source\R5T.T0135\R5T.T0135.csproj", "{6C49AECB-F2FA-4648-B768-CD5FF94B3A66}"
EndProject
Project("{9A19103F-16F7-4668-BE54-9A1E7A4F7556}") = "R5T.X0012", "..\..\R5T.X0012\source\R5T.X0012\R5T.X0012.csproj", "{C3CD73D8-1CC3-466D-B3A4-44D2FC09B40C}"
EndProject
Project("{9A19103F-16F7-4668-BE54-9A1E7A4F7556}") = "R5T.B0006.X0006", "..\..\R5T.B0006.X0006\source\R5T.B0006.X0006\R5T.B0006.X0006.csproj", "{6B582524-0F26-4BFE-B29B-B84AF9763F25}"
EndProject
Project("{9A19103F-16F7-4668-BE54-9A1E7A4F7556}") = "R5T.F0013", "..\..\R5T.F0013\source\R5T.F0013\R5T.F0013.csproj", "{42769385-57C8-4735-8963-B4AE19B1600D}"
EndProject
Project("{9A19103F-16F7-4668-BE54-9A1E7A4F7556}") = "R5T.T0134", "..\..\R5T.T0134\source\R5T.T0134\R5T.T0134.csproj", "{294F6755-BFE3-497D-9429-0AC09E21A7D3}"
EndProject
Global
	GlobalSection(SolutionConfigurationPlatforms) = preSolution
		Debug|Any CPU = Debug|Any CPU
		Debug|x64 = Debug|x64
		Debug|x86 = Debug|x86
		Release|Any CPU = Release|Any CPU
		Release|x64 = Release|x64
		Release|x86 = Release|x86
	EndGlobalSection
	GlobalSection(ProjectConfigurationPlatforms) = postSolution
		{D4A987D5-A8AD-4A55-A2EA-A2F6E28B599C}.Debug|Any CPU.ActiveCfg = Debug|Any CPU
		{D4A987D5-A8AD-4A55-A2EA-A2F6E28B599C}.Debug|Any CPU.Build.0 = Debug|Any CPU
		{D4A987D5-A8AD-4A55-A2EA-A2F6E28B599C}.Debug|x64.ActiveCfg = Debug|Any CPU
		{D4A987D5-A8AD-4A55-A2EA-A2F6E28B599C}.Debug|x64.Build.0 = Debug|Any CPU
		{D4A987D5-A8AD-4A55-A2EA-A2F6E28B599C}.Debug|x86.ActiveCfg = Debug|Any CPU
		{D4A987D5-A8AD-4A55-A2EA-A2F6E28B599C}.Debug|x86.Build.0 = Debug|Any CPU
		{D4A987D5-A8AD-4A55-A2EA-A2F6E28B599C}.Release|Any CPU.ActiveCfg = Release|Any CPU
		{D4A987D5-A8AD-4A55-A2EA-A2F6E28B599C}.Release|Any CPU.Build.0 = Release|Any CPU
		{D4A987D5-A8AD-4A55-A2EA-A2F6E28B599C}.Release|x64.ActiveCfg = Release|Any CPU
		{D4A987D5-A8AD-4A55-A2EA-A2F6E28B599C}.Release|x64.Build.0 = Release|Any CPU
		{D4A987D5-A8AD-4A55-A2EA-A2F6E28B599C}.Release|x86.ActiveCfg = Release|Any CPU
		{D4A987D5-A8AD-4A55-A2EA-A2F6E28B599C}.Release|x86.Build.0 = Release|Any CPU
		{D2438FBC-9426-4015-9972-F6FB068BA211}.Debug|Any CPU.ActiveCfg = Debug|Any CPU
		{D2438FBC-9426-4015-9972-F6FB068BA211}.Debug|Any CPU.Build.0 = Debug|Any CPU
		{D2438FBC-9426-4015-9972-F6FB068BA211}.Debug|x64.ActiveCfg = Debug|Any CPU
		{D2438FBC-9426-4015-9972-F6FB068BA211}.Debug|x64.Build.0 = Debug|Any CPU
		{D2438FBC-9426-4015-9972-F6FB068BA211}.Debug|x86.ActiveCfg = Debug|Any CPU
		{D2438FBC-9426-4015-9972-F6FB068BA211}.Debug|x86.Build.0 = Debug|Any CPU
		{D2438FBC-9426-4015-9972-F6FB068BA211}.Release|Any CPU.ActiveCfg = Release|Any CPU
		{D2438FBC-9426-4015-9972-F6FB068BA211}.Release|Any CPU.Build.0 = Release|Any CPU
		{D2438FBC-9426-4015-9972-F6FB068BA211}.Release|x64.ActiveCfg = Release|Any CPU
		{D2438FBC-9426-4015-9972-F6FB068BA211}.Release|x64.Build.0 = Release|Any CPU
		{D2438FBC-9426-4015-9972-F6FB068BA211}.Release|x86.ActiveCfg = Release|Any CPU
		{D2438FBC-9426-4015-9972-F6FB068BA211}.Release|x86.Build.0 = Release|Any CPU
		{1E88E576-029E-417C-9DEF-3592BE0861CA}.Debug|Any CPU.ActiveCfg = Debug|Any CPU
		{1E88E576-029E-417C-9DEF-3592BE0861CA}.Debug|Any CPU.Build.0 = Debug|Any CPU
		{1E88E576-029E-417C-9DEF-3592BE0861CA}.Debug|x64.ActiveCfg = Debug|Any CPU
		{1E88E576-029E-417C-9DEF-3592BE0861CA}.Debug|x64.Build.0 = Debug|Any CPU
		{1E88E576-029E-417C-9DEF-3592BE0861CA}.Debug|x86.ActiveCfg = Debug|Any CPU
		{1E88E576-029E-417C-9DEF-3592BE0861CA}.Debug|x86.Build.0 = Debug|Any CPU
		{1E88E576-029E-417C-9DEF-3592BE0861CA}.Release|Any CPU.ActiveCfg = Release|Any CPU
		{1E88E576-029E-417C-9DEF-3592BE0861CA}.Release|Any CPU.Build.0 = Release|Any CPU
		{1E88E576-029E-417C-9DEF-3592BE0861CA}.Release|x64.ActiveCfg = Release|Any CPU
		{1E88E576-029E-417C-9DEF-3592BE0861CA}.Release|x64.Build.0 = Release|Any CPU
		{1E88E576-029E-417C-9DEF-3592BE0861CA}.Release|x86.ActiveCfg = Release|Any CPU
		{1E88E576-029E-417C-9DEF-3592BE0861CA}.Release|x86.Build.0 = Release|Any CPU
		{26A1FCEA-22C7-4623-BBF0-9B1375633684}.Debug|Any CPU.ActiveCfg = Debug|Any CPU
		{26A1FCEA-22C7-4623-BBF0-9B1375633684}.Debug|Any CPU.Build.0 = Debug|Any CPU
		{26A1FCEA-22C7-4623-BBF0-9B1375633684}.Debug|x64.ActiveCfg = Debug|Any CPU
		{26A1FCEA-22C7-4623-BBF0-9B1375633684}.Debug|x64.Build.0 = Debug|Any CPU
		{26A1FCEA-22C7-4623-BBF0-9B1375633684}.Debug|x86.ActiveCfg = Debug|Any CPU
		{26A1FCEA-22C7-4623-BBF0-9B1375633684}.Debug|x86.Build.0 = Debug|Any CPU
		{26A1FCEA-22C7-4623-BBF0-9B1375633684}.Release|Any CPU.ActiveCfg = Release|Any CPU
		{26A1FCEA-22C7-4623-BBF0-9B1375633684}.Release|Any CPU.Build.0 = Release|Any CPU
		{26A1FCEA-22C7-4623-BBF0-9B1375633684}.Release|x64.ActiveCfg = Release|Any CPU
		{26A1FCEA-22C7-4623-BBF0-9B1375633684}.Release|x64.Build.0 = Release|Any CPU
		{26A1FCEA-22C7-4623-BBF0-9B1375633684}.Release|x86.ActiveCfg = Release|Any CPU
		{26A1FCEA-22C7-4623-BBF0-9B1375633684}.Release|x86.Build.0 = Release|Any CPU
		{C045CD6F-9F6E-4CD2-B324-B7AC3EC32EE9}.Debug|Any CPU.ActiveCfg = Debug|Any CPU
		{C045CD6F-9F6E-4CD2-B324-B7AC3EC32EE9}.Debug|Any CPU.Build.0 = Debug|Any CPU
		{C045CD6F-9F6E-4CD2-B324-B7AC3EC32EE9}.Debug|x64.ActiveCfg = Debug|Any CPU
		{C045CD6F-9F6E-4CD2-B324-B7AC3EC32EE9}.Debug|x64.Build.0 = Debug|Any CPU
		{C045CD6F-9F6E-4CD2-B324-B7AC3EC32EE9}.Debug|x86.ActiveCfg = Debug|Any CPU
		{C045CD6F-9F6E-4CD2-B324-B7AC3EC32EE9}.Debug|x86.Build.0 = Debug|Any CPU
		{C045CD6F-9F6E-4CD2-B324-B7AC3EC32EE9}.Release|Any CPU.ActiveCfg = Release|Any CPU
		{C045CD6F-9F6E-4CD2-B324-B7AC3EC32EE9}.Release|Any CPU.Build.0 = Release|Any CPU
		{C045CD6F-9F6E-4CD2-B324-B7AC3EC32EE9}.Release|x64.ActiveCfg = Release|Any CPU
		{C045CD6F-9F6E-4CD2-B324-B7AC3EC32EE9}.Release|x64.Build.0 = Release|Any CPU
		{C045CD6F-9F6E-4CD2-B324-B7AC3EC32EE9}.Release|x86.ActiveCfg = Release|Any CPU
		{C045CD6F-9F6E-4CD2-B324-B7AC3EC32EE9}.Release|x86.Build.0 = Release|Any CPU
		{4FEB1991-7ACB-4F71-92D2-3EB542AEFE3D}.Debug|Any CPU.ActiveCfg = Debug|Any CPU
		{4FEB1991-7ACB-4F71-92D2-3EB542AEFE3D}.Debug|Any CPU.Build.0 = Debug|Any CPU
		{4FEB1991-7ACB-4F71-92D2-3EB542AEFE3D}.Debug|x64.ActiveCfg = Debug|Any CPU
		{4FEB1991-7ACB-4F71-92D2-3EB542AEFE3D}.Debug|x64.Build.0 = Debug|Any CPU
		{4FEB1991-7ACB-4F71-92D2-3EB542AEFE3D}.Debug|x86.ActiveCfg = Debug|Any CPU
		{4FEB1991-7ACB-4F71-92D2-3EB542AEFE3D}.Debug|x86.Build.0 = Debug|Any CPU
		{4FEB1991-7ACB-4F71-92D2-3EB542AEFE3D}.Release|Any CPU.ActiveCfg = Release|Any CPU
		{4FEB1991-7ACB-4F71-92D2-3EB542AEFE3D}.Release|Any CPU.Build.0 = Release|Any CPU
		{4FEB1991-7ACB-4F71-92D2-3EB542AEFE3D}.Release|x64.ActiveCfg = Release|Any CPU
		{4FEB1991-7ACB-4F71-92D2-3EB542AEFE3D}.Release|x64.Build.0 = Release|Any CPU
		{4FEB1991-7ACB-4F71-92D2-3EB542AEFE3D}.Release|x86.ActiveCfg = Release|Any CPU
		{4FEB1991-7ACB-4F71-92D2-3EB542AEFE3D}.Release|x86.Build.0 = Release|Any CPU
		{478C51D2-A768-4D5C-868E-4B9D5C10EA6C}.Debug|Any CPU.ActiveCfg = Debug|Any CPU
		{478C51D2-A768-4D5C-868E-4B9D5C10EA6C}.Debug|Any CPU.Build.0 = Debug|Any CPU
		{478C51D2-A768-4D5C-868E-4B9D5C10EA6C}.Debug|x64.ActiveCfg = Debug|Any CPU
		{478C51D2-A768-4D5C-868E-4B9D5C10EA6C}.Debug|x64.Build.0 = Debug|Any CPU
		{478C51D2-A768-4D5C-868E-4B9D5C10EA6C}.Debug|x86.ActiveCfg = Debug|Any CPU
		{478C51D2-A768-4D5C-868E-4B9D5C10EA6C}.Debug|x86.Build.0 = Debug|Any CPU
		{478C51D2-A768-4D5C-868E-4B9D5C10EA6C}.Release|Any CPU.ActiveCfg = Release|Any CPU
		{478C51D2-A768-4D5C-868E-4B9D5C10EA6C}.Release|Any CPU.Build.0 = Release|Any CPU
		{478C51D2-A768-4D5C-868E-4B9D5C10EA6C}.Release|x64.ActiveCfg = Release|Any CPU
		{478C51D2-A768-4D5C-868E-4B9D5C10EA6C}.Release|x64.Build.0 = Release|Any CPU
		{478C51D2-A768-4D5C-868E-4B9D5C10EA6C}.Release|x86.ActiveCfg = Release|Any CPU
		{478C51D2-A768-4D5C-868E-4B9D5C10EA6C}.Release|x86.Build.0 = Release|Any CPU
		{64C6B7F6-4FE1-424C-B761-AB0AD064DF4B}.Debug|Any CPU.ActiveCfg = Debug|Any CPU
		{64C6B7F6-4FE1-424C-B761-AB0AD064DF4B}.Debug|Any CPU.Build.0 = Debug|Any CPU
		{64C6B7F6-4FE1-424C-B761-AB0AD064DF4B}.Debug|x64.ActiveCfg = Debug|Any CPU
		{64C6B7F6-4FE1-424C-B761-AB0AD064DF4B}.Debug|x64.Build.0 = Debug|Any CPU
		{64C6B7F6-4FE1-424C-B761-AB0AD064DF4B}.Debug|x86.ActiveCfg = Debug|Any CPU
		{64C6B7F6-4FE1-424C-B761-AB0AD064DF4B}.Debug|x86.Build.0 = Debug|Any CPU
		{64C6B7F6-4FE1-424C-B761-AB0AD064DF4B}.Release|Any CPU.ActiveCfg = Release|Any CPU
		{64C6B7F6-4FE1-424C-B761-AB0AD064DF4B}.Release|Any CPU.Build.0 = Release|Any CPU
		{64C6B7F6-4FE1-424C-B761-AB0AD064DF4B}.Release|x64.ActiveCfg = Release|Any CPU
		{64C6B7F6-4FE1-424C-B761-AB0AD064DF4B}.Release|x64.Build.0 = Release|Any CPU
		{64C6B7F6-4FE1-424C-B761-AB0AD064DF4B}.Release|x86.ActiveCfg = Release|Any CPU
		{64C6B7F6-4FE1-424C-B761-AB0AD064DF4B}.Release|x86.Build.0 = Release|Any CPU
		{6B65F475-36EE-4A25-9638-8F4CDA9718CD}.Debug|Any CPU.ActiveCfg = Debug|Any CPU
		{6B65F475-36EE-4A25-9638-8F4CDA9718CD}.Debug|Any CPU.Build.0 = Debug|Any CPU
		{6B65F475-36EE-4A25-9638-8F4CDA9718CD}.Debug|x64.ActiveCfg = Debug|Any CPU
		{6B65F475-36EE-4A25-9638-8F4CDA9718CD}.Debug|x64.Build.0 = Debug|Any CPU
		{6B65F475-36EE-4A25-9638-8F4CDA9718CD}.Debug|x86.ActiveCfg = Debug|Any CPU
		{6B65F475-36EE-4A25-9638-8F4CDA9718CD}.Debug|x86.Build.0 = Debug|Any CPU
		{6B65F475-36EE-4A25-9638-8F4CDA9718CD}.Release|Any CPU.ActiveCfg = Release|Any CPU
		{6B65F475-36EE-4A25-9638-8F4CDA9718CD}.Release|Any CPU.Build.0 = Release|Any CPU
		{6B65F475-36EE-4A25-9638-8F4CDA9718CD}.Release|x64.ActiveCfg = Release|Any CPU
		{6B65F475-36EE-4A25-9638-8F4CDA9718CD}.Release|x64.Build.0 = Release|Any CPU
		{6B65F475-36EE-4A25-9638-8F4CDA9718CD}.Release|x86.ActiveCfg = Release|Any CPU
		{6B65F475-36EE-4A25-9638-8F4CDA9718CD}.Release|x86.Build.0 = Release|Any CPU
		{4AECF61F-4966-4CB6-8C76-BAC692CD1D98}.Debug|Any CPU.ActiveCfg = Debug|Any CPU
		{4AECF61F-4966-4CB6-8C76-BAC692CD1D98}.Debug|Any CPU.Build.0 = Debug|Any CPU
		{4AECF61F-4966-4CB6-8C76-BAC692CD1D98}.Debug|x64.ActiveCfg = Debug|Any CPU
		{4AECF61F-4966-4CB6-8C76-BAC692CD1D98}.Debug|x64.Build.0 = Debug|Any CPU
		{4AECF61F-4966-4CB6-8C76-BAC692CD1D98}.Debug|x86.ActiveCfg = Debug|Any CPU
		{4AECF61F-4966-4CB6-8C76-BAC692CD1D98}.Debug|x86.Build.0 = Debug|Any CPU
		{4AECF61F-4966-4CB6-8C76-BAC692CD1D98}.Release|Any CPU.ActiveCfg = Release|Any CPU
		{4AECF61F-4966-4CB6-8C76-BAC692CD1D98}.Release|Any CPU.Build.0 = Release|Any CPU
		{4AECF61F-4966-4CB6-8C76-BAC692CD1D98}.Release|x64.ActiveCfg = Release|Any CPU
		{4AECF61F-4966-4CB6-8C76-BAC692CD1D98}.Release|x64.Build.0 = Release|Any CPU
		{4AECF61F-4966-4CB6-8C76-BAC692CD1D98}.Release|x86.ActiveCfg = Release|Any CPU
		{4AECF61F-4966-4CB6-8C76-BAC692CD1D98}.Release|x86.Build.0 = Release|Any CPU
		{AAA012CA-E568-470F-976B-5AB980BF4810}.Debug|Any CPU.ActiveCfg = Debug|Any CPU
		{AAA012CA-E568-470F-976B-5AB980BF4810}.Debug|Any CPU.Build.0 = Debug|Any CPU
		{AAA012CA-E568-470F-976B-5AB980BF4810}.Debug|x64.ActiveCfg = Debug|Any CPU
		{AAA012CA-E568-470F-976B-5AB980BF4810}.Debug|x64.Build.0 = Debug|Any CPU
		{AAA012CA-E568-470F-976B-5AB980BF4810}.Debug|x86.ActiveCfg = Debug|Any CPU
		{AAA012CA-E568-470F-976B-5AB980BF4810}.Debug|x86.Build.0 = Debug|Any CPU
		{AAA012CA-E568-470F-976B-5AB980BF4810}.Release|Any CPU.ActiveCfg = Release|Any CPU
		{AAA012CA-E568-470F-976B-5AB980BF4810}.Release|Any CPU.Build.0 = Release|Any CPU
		{AAA012CA-E568-470F-976B-5AB980BF4810}.Release|x64.ActiveCfg = Release|Any CPU
		{AAA012CA-E568-470F-976B-5AB980BF4810}.Release|x64.Build.0 = Release|Any CPU
		{AAA012CA-E568-470F-976B-5AB980BF4810}.Release|x86.ActiveCfg = Release|Any CPU
		{AAA012CA-E568-470F-976B-5AB980BF4810}.Release|x86.Build.0 = Release|Any CPU
		{F75FA300-3826-4652-8F19-093896079828}.Debug|Any CPU.ActiveCfg = Debug|Any CPU
		{F75FA300-3826-4652-8F19-093896079828}.Debug|Any CPU.Build.0 = Debug|Any CPU
		{F75FA300-3826-4652-8F19-093896079828}.Debug|x64.ActiveCfg = Debug|Any CPU
		{F75FA300-3826-4652-8F19-093896079828}.Debug|x64.Build.0 = Debug|Any CPU
		{F75FA300-3826-4652-8F19-093896079828}.Debug|x86.ActiveCfg = Debug|Any CPU
		{F75FA300-3826-4652-8F19-093896079828}.Debug|x86.Build.0 = Debug|Any CPU
		{F75FA300-3826-4652-8F19-093896079828}.Release|Any CPU.ActiveCfg = Release|Any CPU
		{F75FA300-3826-4652-8F19-093896079828}.Release|Any CPU.Build.0 = Release|Any CPU
		{F75FA300-3826-4652-8F19-093896079828}.Release|x64.ActiveCfg = Release|Any CPU
		{F75FA300-3826-4652-8F19-093896079828}.Release|x64.Build.0 = Release|Any CPU
		{F75FA300-3826-4652-8F19-093896079828}.Release|x86.ActiveCfg = Release|Any CPU
		{F75FA300-3826-4652-8F19-093896079828}.Release|x86.Build.0 = Release|Any CPU
		{94ADF1FB-FA76-4867-A731-6F54D1DF1D8D}.Debug|Any CPU.ActiveCfg = Debug|Any CPU
		{94ADF1FB-FA76-4867-A731-6F54D1DF1D8D}.Debug|Any CPU.Build.0 = Debug|Any CPU
		{94ADF1FB-FA76-4867-A731-6F54D1DF1D8D}.Debug|x64.ActiveCfg = Debug|Any CPU
		{94ADF1FB-FA76-4867-A731-6F54D1DF1D8D}.Debug|x64.Build.0 = Debug|Any CPU
		{94ADF1FB-FA76-4867-A731-6F54D1DF1D8D}.Debug|x86.ActiveCfg = Debug|Any CPU
		{94ADF1FB-FA76-4867-A731-6F54D1DF1D8D}.Debug|x86.Build.0 = Debug|Any CPU
		{94ADF1FB-FA76-4867-A731-6F54D1DF1D8D}.Release|Any CPU.ActiveCfg = Release|Any CPU
		{94ADF1FB-FA76-4867-A731-6F54D1DF1D8D}.Release|Any CPU.Build.0 = Release|Any CPU
		{94ADF1FB-FA76-4867-A731-6F54D1DF1D8D}.Release|x64.ActiveCfg = Release|Any CPU
		{94ADF1FB-FA76-4867-A731-6F54D1DF1D8D}.Release|x64.Build.0 = Release|Any CPU
		{94ADF1FB-FA76-4867-A731-6F54D1DF1D8D}.Release|x86.ActiveCfg = Release|Any CPU
		{94ADF1FB-FA76-4867-A731-6F54D1DF1D8D}.Release|x86.Build.0 = Release|Any CPU
		{3EFD92A1-8ACF-456D-85A5-2F01DB11DF9A}.Debug|Any CPU.ActiveCfg = Debug|Any CPU
		{3EFD92A1-8ACF-456D-85A5-2F01DB11DF9A}.Debug|Any CPU.Build.0 = Debug|Any CPU
		{3EFD92A1-8ACF-456D-85A5-2F01DB11DF9A}.Debug|x64.ActiveCfg = Debug|Any CPU
		{3EFD92A1-8ACF-456D-85A5-2F01DB11DF9A}.Debug|x64.Build.0 = Debug|Any CPU
		{3EFD92A1-8ACF-456D-85A5-2F01DB11DF9A}.Debug|x86.ActiveCfg = Debug|Any CPU
		{3EFD92A1-8ACF-456D-85A5-2F01DB11DF9A}.Debug|x86.Build.0 = Debug|Any CPU
		{3EFD92A1-8ACF-456D-85A5-2F01DB11DF9A}.Release|Any CPU.ActiveCfg = Release|Any CPU
		{3EFD92A1-8ACF-456D-85A5-2F01DB11DF9A}.Release|Any CPU.Build.0 = Release|Any CPU
		{3EFD92A1-8ACF-456D-85A5-2F01DB11DF9A}.Release|x64.ActiveCfg = Release|Any CPU
		{3EFD92A1-8ACF-456D-85A5-2F01DB11DF9A}.Release|x64.Build.0 = Release|Any CPU
		{3EFD92A1-8ACF-456D-85A5-2F01DB11DF9A}.Release|x86.ActiveCfg = Release|Any CPU
		{3EFD92A1-8ACF-456D-85A5-2F01DB11DF9A}.Release|x86.Build.0 = Release|Any CPU
		{FE2CFBDC-01D4-4A0C-BC3A-5B2D2D16F9DE}.Debug|Any CPU.ActiveCfg = Debug|Any CPU
		{FE2CFBDC-01D4-4A0C-BC3A-5B2D2D16F9DE}.Debug|Any CPU.Build.0 = Debug|Any CPU
		{FE2CFBDC-01D4-4A0C-BC3A-5B2D2D16F9DE}.Debug|x64.ActiveCfg = Debug|Any CPU
		{FE2CFBDC-01D4-4A0C-BC3A-5B2D2D16F9DE}.Debug|x64.Build.0 = Debug|Any CPU
		{FE2CFBDC-01D4-4A0C-BC3A-5B2D2D16F9DE}.Debug|x86.ActiveCfg = Debug|Any CPU
		{FE2CFBDC-01D4-4A0C-BC3A-5B2D2D16F9DE}.Debug|x86.Build.0 = Debug|Any CPU
		{FE2CFBDC-01D4-4A0C-BC3A-5B2D2D16F9DE}.Release|Any CPU.ActiveCfg = Release|Any CPU
		{FE2CFBDC-01D4-4A0C-BC3A-5B2D2D16F9DE}.Release|Any CPU.Build.0 = Release|Any CPU
		{FE2CFBDC-01D4-4A0C-BC3A-5B2D2D16F9DE}.Release|x64.ActiveCfg = Release|Any CPU
		{FE2CFBDC-01D4-4A0C-BC3A-5B2D2D16F9DE}.Release|x64.Build.0 = Release|Any CPU
		{FE2CFBDC-01D4-4A0C-BC3A-5B2D2D16F9DE}.Release|x86.ActiveCfg = Release|Any CPU
		{FE2CFBDC-01D4-4A0C-BC3A-5B2D2D16F9DE}.Release|x86.Build.0 = Release|Any CPU
		{5DFF86C1-8E87-4B4E-BE68-BF5930226FFA}.Debug|Any CPU.ActiveCfg = Debug|Any CPU
		{5DFF86C1-8E87-4B4E-BE68-BF5930226FFA}.Debug|Any CPU.Build.0 = Debug|Any CPU
		{5DFF86C1-8E87-4B4E-BE68-BF5930226FFA}.Debug|x64.ActiveCfg = Debug|Any CPU
		{5DFF86C1-8E87-4B4E-BE68-BF5930226FFA}.Debug|x64.Build.0 = Debug|Any CPU
		{5DFF86C1-8E87-4B4E-BE68-BF5930226FFA}.Debug|x86.ActiveCfg = Debug|Any CPU
		{5DFF86C1-8E87-4B4E-BE68-BF5930226FFA}.Debug|x86.Build.0 = Debug|Any CPU
		{5DFF86C1-8E87-4B4E-BE68-BF5930226FFA}.Release|Any CPU.ActiveCfg = Release|Any CPU
		{5DFF86C1-8E87-4B4E-BE68-BF5930226FFA}.Release|Any CPU.Build.0 = Release|Any CPU
		{5DFF86C1-8E87-4B4E-BE68-BF5930226FFA}.Release|x64.ActiveCfg = Release|Any CPU
		{5DFF86C1-8E87-4B4E-BE68-BF5930226FFA}.Release|x64.Build.0 = Release|Any CPU
		{5DFF86C1-8E87-4B4E-BE68-BF5930226FFA}.Release|x86.ActiveCfg = Release|Any CPU
		{5DFF86C1-8E87-4B4E-BE68-BF5930226FFA}.Release|x86.Build.0 = Release|Any CPU
		{5686D688-5F66-44E6-8AF3-CD2B9D17EE6A}.Debug|Any CPU.ActiveCfg = Debug|Any CPU
		{5686D688-5F66-44E6-8AF3-CD2B9D17EE6A}.Debug|Any CPU.Build.0 = Debug|Any CPU
		{5686D688-5F66-44E6-8AF3-CD2B9D17EE6A}.Debug|x64.ActiveCfg = Debug|Any CPU
		{5686D688-5F66-44E6-8AF3-CD2B9D17EE6A}.Debug|x64.Build.0 = Debug|Any CPU
		{5686D688-5F66-44E6-8AF3-CD2B9D17EE6A}.Debug|x86.ActiveCfg = Debug|Any CPU
		{5686D688-5F66-44E6-8AF3-CD2B9D17EE6A}.Debug|x86.Build.0 = Debug|Any CPU
		{5686D688-5F66-44E6-8AF3-CD2B9D17EE6A}.Release|Any CPU.ActiveCfg = Release|Any CPU
		{5686D688-5F66-44E6-8AF3-CD2B9D17EE6A}.Release|Any CPU.Build.0 = Release|Any CPU
		{5686D688-5F66-44E6-8AF3-CD2B9D17EE6A}.Release|x64.ActiveCfg = Release|Any CPU
		{5686D688-5F66-44E6-8AF3-CD2B9D17EE6A}.Release|x64.Build.0 = Release|Any CPU
		{5686D688-5F66-44E6-8AF3-CD2B9D17EE6A}.Release|x86.ActiveCfg = Release|Any CPU
		{5686D688-5F66-44E6-8AF3-CD2B9D17EE6A}.Release|x86.Build.0 = Release|Any CPU
		{0C6BAC9D-FED9-48F9-BAD7-AF363E0F2989}.Debug|Any CPU.ActiveCfg = Debug|Any CPU
		{0C6BAC9D-FED9-48F9-BAD7-AF363E0F2989}.Debug|Any CPU.Build.0 = Debug|Any CPU
		{0C6BAC9D-FED9-48F9-BAD7-AF363E0F2989}.Debug|x64.ActiveCfg = Debug|Any CPU
		{0C6BAC9D-FED9-48F9-BAD7-AF363E0F2989}.Debug|x64.Build.0 = Debug|Any CPU
		{0C6BAC9D-FED9-48F9-BAD7-AF363E0F2989}.Debug|x86.ActiveCfg = Debug|Any CPU
		{0C6BAC9D-FED9-48F9-BAD7-AF363E0F2989}.Debug|x86.Build.0 = Debug|Any CPU
		{0C6BAC9D-FED9-48F9-BAD7-AF363E0F2989}.Release|Any CPU.ActiveCfg = Release|Any CPU
		{0C6BAC9D-FED9-48F9-BAD7-AF363E0F2989}.Release|Any CPU.Build.0 = Release|Any CPU
		{0C6BAC9D-FED9-48F9-BAD7-AF363E0F2989}.Release|x64.ActiveCfg = Release|Any CPU
		{0C6BAC9D-FED9-48F9-BAD7-AF363E0F2989}.Release|x64.Build.0 = Release|Any CPU
		{0C6BAC9D-FED9-48F9-BAD7-AF363E0F2989}.Release|x86.ActiveCfg = Release|Any CPU
		{0C6BAC9D-FED9-48F9-BAD7-AF363E0F2989}.Release|x86.Build.0 = Release|Any CPU
		{1BC8D1D4-D5C2-4A75-ADBA-C4416619D73F}.Debug|Any CPU.ActiveCfg = Debug|Any CPU
		{1BC8D1D4-D5C2-4A75-ADBA-C4416619D73F}.Debug|Any CPU.Build.0 = Debug|Any CPU
		{1BC8D1D4-D5C2-4A75-ADBA-C4416619D73F}.Debug|x64.ActiveCfg = Debug|Any CPU
		{1BC8D1D4-D5C2-4A75-ADBA-C4416619D73F}.Debug|x64.Build.0 = Debug|Any CPU
		{1BC8D1D4-D5C2-4A75-ADBA-C4416619D73F}.Debug|x86.ActiveCfg = Debug|Any CPU
		{1BC8D1D4-D5C2-4A75-ADBA-C4416619D73F}.Debug|x86.Build.0 = Debug|Any CPU
		{1BC8D1D4-D5C2-4A75-ADBA-C4416619D73F}.Release|Any CPU.ActiveCfg = Release|Any CPU
		{1BC8D1D4-D5C2-4A75-ADBA-C4416619D73F}.Release|Any CPU.Build.0 = Release|Any CPU
		{1BC8D1D4-D5C2-4A75-ADBA-C4416619D73F}.Release|x64.ActiveCfg = Release|Any CPU
		{1BC8D1D4-D5C2-4A75-ADBA-C4416619D73F}.Release|x64.Build.0 = Release|Any CPU
		{1BC8D1D4-D5C2-4A75-ADBA-C4416619D73F}.Release|x86.ActiveCfg = Release|Any CPU
		{1BC8D1D4-D5C2-4A75-ADBA-C4416619D73F}.Release|x86.Build.0 = Release|Any CPU
		{E9D1ADC0-758D-4A53-8DD5-16D1356FD8EC}.Debug|Any CPU.ActiveCfg = Debug|Any CPU
		{E9D1ADC0-758D-4A53-8DD5-16D1356FD8EC}.Debug|Any CPU.Build.0 = Debug|Any CPU
		{E9D1ADC0-758D-4A53-8DD5-16D1356FD8EC}.Debug|x64.ActiveCfg = Debug|Any CPU
		{E9D1ADC0-758D-4A53-8DD5-16D1356FD8EC}.Debug|x64.Build.0 = Debug|Any CPU
		{E9D1ADC0-758D-4A53-8DD5-16D1356FD8EC}.Debug|x86.ActiveCfg = Debug|Any CPU
		{E9D1ADC0-758D-4A53-8DD5-16D1356FD8EC}.Debug|x86.Build.0 = Debug|Any CPU
		{E9D1ADC0-758D-4A53-8DD5-16D1356FD8EC}.Release|Any CPU.ActiveCfg = Release|Any CPU
		{E9D1ADC0-758D-4A53-8DD5-16D1356FD8EC}.Release|Any CPU.Build.0 = Release|Any CPU
		{E9D1ADC0-758D-4A53-8DD5-16D1356FD8EC}.Release|x64.ActiveCfg = Release|Any CPU
		{E9D1ADC0-758D-4A53-8DD5-16D1356FD8EC}.Release|x64.Build.0 = Release|Any CPU
		{E9D1ADC0-758D-4A53-8DD5-16D1356FD8EC}.Release|x86.ActiveCfg = Release|Any CPU
		{E9D1ADC0-758D-4A53-8DD5-16D1356FD8EC}.Release|x86.Build.0 = Release|Any CPU
		{F71D9AC7-B58A-4288-9D12-A619AA61A10F}.Debug|Any CPU.ActiveCfg = Debug|Any CPU
		{F71D9AC7-B58A-4288-9D12-A619AA61A10F}.Debug|Any CPU.Build.0 = Debug|Any CPU
		{F71D9AC7-B58A-4288-9D12-A619AA61A10F}.Debug|x64.ActiveCfg = Debug|Any CPU
		{F71D9AC7-B58A-4288-9D12-A619AA61A10F}.Debug|x64.Build.0 = Debug|Any CPU
		{F71D9AC7-B58A-4288-9D12-A619AA61A10F}.Debug|x86.ActiveCfg = Debug|Any CPU
		{F71D9AC7-B58A-4288-9D12-A619AA61A10F}.Debug|x86.Build.0 = Debug|Any CPU
		{F71D9AC7-B58A-4288-9D12-A619AA61A10F}.Release|Any CPU.ActiveCfg = Release|Any CPU
		{F71D9AC7-B58A-4288-9D12-A619AA61A10F}.Release|Any CPU.Build.0 = Release|Any CPU
		{F71D9AC7-B58A-4288-9D12-A619AA61A10F}.Release|x64.ActiveCfg = Release|Any CPU
		{F71D9AC7-B58A-4288-9D12-A619AA61A10F}.Release|x64.Build.0 = Release|Any CPU
		{F71D9AC7-B58A-4288-9D12-A619AA61A10F}.Release|x86.ActiveCfg = Release|Any CPU
		{F71D9AC7-B58A-4288-9D12-A619AA61A10F}.Release|x86.Build.0 = Release|Any CPU
		{B517FC68-5B94-4D59-93BE-F2009C14E3F6}.Debug|Any CPU.ActiveCfg = Debug|Any CPU
		{B517FC68-5B94-4D59-93BE-F2009C14E3F6}.Debug|Any CPU.Build.0 = Debug|Any CPU
		{B517FC68-5B94-4D59-93BE-F2009C14E3F6}.Debug|x64.ActiveCfg = Debug|Any CPU
		{B517FC68-5B94-4D59-93BE-F2009C14E3F6}.Debug|x64.Build.0 = Debug|Any CPU
		{B517FC68-5B94-4D59-93BE-F2009C14E3F6}.Debug|x86.ActiveCfg = Debug|Any CPU
		{B517FC68-5B94-4D59-93BE-F2009C14E3F6}.Debug|x86.Build.0 = Debug|Any CPU
		{B517FC68-5B94-4D59-93BE-F2009C14E3F6}.Release|Any CPU.ActiveCfg = Release|Any CPU
		{B517FC68-5B94-4D59-93BE-F2009C14E3F6}.Release|Any CPU.Build.0 = Release|Any CPU
		{B517FC68-5B94-4D59-93BE-F2009C14E3F6}.Release|x64.ActiveCfg = Release|Any CPU
		{B517FC68-5B94-4D59-93BE-F2009C14E3F6}.Release|x64.Build.0 = Release|Any CPU
		{B517FC68-5B94-4D59-93BE-F2009C14E3F6}.Release|x86.ActiveCfg = Release|Any CPU
		{B517FC68-5B94-4D59-93BE-F2009C14E3F6}.Release|x86.Build.0 = Release|Any CPU
		{FF7B1EAF-6175-4E77-86C0-38883EC957FA}.Debug|Any CPU.ActiveCfg = Debug|Any CPU
		{FF7B1EAF-6175-4E77-86C0-38883EC957FA}.Debug|Any CPU.Build.0 = Debug|Any CPU
		{FF7B1EAF-6175-4E77-86C0-38883EC957FA}.Debug|x64.ActiveCfg = Debug|Any CPU
		{FF7B1EAF-6175-4E77-86C0-38883EC957FA}.Debug|x64.Build.0 = Debug|Any CPU
		{FF7B1EAF-6175-4E77-86C0-38883EC957FA}.Debug|x86.ActiveCfg = Debug|Any CPU
		{FF7B1EAF-6175-4E77-86C0-38883EC957FA}.Debug|x86.Build.0 = Debug|Any CPU
		{FF7B1EAF-6175-4E77-86C0-38883EC957FA}.Release|Any CPU.ActiveCfg = Release|Any CPU
		{FF7B1EAF-6175-4E77-86C0-38883EC957FA}.Release|Any CPU.Build.0 = Release|Any CPU
		{FF7B1EAF-6175-4E77-86C0-38883EC957FA}.Release|x64.ActiveCfg = Release|Any CPU
		{FF7B1EAF-6175-4E77-86C0-38883EC957FA}.Release|x64.Build.0 = Release|Any CPU
		{FF7B1EAF-6175-4E77-86C0-38883EC957FA}.Release|x86.ActiveCfg = Release|Any CPU
		{FF7B1EAF-6175-4E77-86C0-38883EC957FA}.Release|x86.Build.0 = Release|Any CPU
		{14305D53-48E4-4B29-A166-F126856CEE48}.Debug|Any CPU.ActiveCfg = Debug|Any CPU
		{14305D53-48E4-4B29-A166-F126856CEE48}.Debug|Any CPU.Build.0 = Debug|Any CPU
		{14305D53-48E4-4B29-A166-F126856CEE48}.Debug|x64.ActiveCfg = Debug|Any CPU
		{14305D53-48E4-4B29-A166-F126856CEE48}.Debug|x64.Build.0 = Debug|Any CPU
		{14305D53-48E4-4B29-A166-F126856CEE48}.Debug|x86.ActiveCfg = Debug|Any CPU
		{14305D53-48E4-4B29-A166-F126856CEE48}.Debug|x86.Build.0 = Debug|Any CPU
		{14305D53-48E4-4B29-A166-F126856CEE48}.Release|Any CPU.ActiveCfg = Release|Any CPU
		{14305D53-48E4-4B29-A166-F126856CEE48}.Release|Any CPU.Build.0 = Release|Any CPU
		{14305D53-48E4-4B29-A166-F126856CEE48}.Release|x64.ActiveCfg = Release|Any CPU
		{14305D53-48E4-4B29-A166-F126856CEE48}.Release|x64.Build.0 = Release|Any CPU
		{14305D53-48E4-4B29-A166-F126856CEE48}.Release|x86.ActiveCfg = Release|Any CPU
		{14305D53-48E4-4B29-A166-F126856CEE48}.Release|x86.Build.0 = Release|Any CPU
		{6C49AECB-F2FA-4648-B768-CD5FF94B3A66}.Debug|Any CPU.ActiveCfg = Debug|Any CPU
		{6C49AECB-F2FA-4648-B768-CD5FF94B3A66}.Debug|Any CPU.Build.0 = Debug|Any CPU
		{6C49AECB-F2FA-4648-B768-CD5FF94B3A66}.Debug|x64.ActiveCfg = Debug|Any CPU
		{6C49AECB-F2FA-4648-B768-CD5FF94B3A66}.Debug|x64.Build.0 = Debug|Any CPU
		{6C49AECB-F2FA-4648-B768-CD5FF94B3A66}.Debug|x86.ActiveCfg = Debug|Any CPU
		{6C49AECB-F2FA-4648-B768-CD5FF94B3A66}.Debug|x86.Build.0 = Debug|Any CPU
		{6C49AECB-F2FA-4648-B768-CD5FF94B3A66}.Release|Any CPU.ActiveCfg = Release|Any CPU
		{6C49AECB-F2FA-4648-B768-CD5FF94B3A66}.Release|Any CPU.Build.0 = Release|Any CPU
		{6C49AECB-F2FA-4648-B768-CD5FF94B3A66}.Release|x64.ActiveCfg = Release|Any CPU
		{6C49AECB-F2FA-4648-B768-CD5FF94B3A66}.Release|x64.Build.0 = Release|Any CPU
		{6C49AECB-F2FA-4648-B768-CD5FF94B3A66}.Release|x86.ActiveCfg = Release|Any CPU
		{6C49AECB-F2FA-4648-B768-CD5FF94B3A66}.Release|x86.Build.0 = Release|Any CPU
		{C3CD73D8-1CC3-466D-B3A4-44D2FC09B40C}.Debug|Any CPU.ActiveCfg = Debug|Any CPU
		{C3CD73D8-1CC3-466D-B3A4-44D2FC09B40C}.Debug|Any CPU.Build.0 = Debug|Any CPU
		{C3CD73D8-1CC3-466D-B3A4-44D2FC09B40C}.Debug|x64.ActiveCfg = Debug|Any CPU
		{C3CD73D8-1CC3-466D-B3A4-44D2FC09B40C}.Debug|x64.Build.0 = Debug|Any CPU
		{C3CD73D8-1CC3-466D-B3A4-44D2FC09B40C}.Debug|x86.ActiveCfg = Debug|Any CPU
		{C3CD73D8-1CC3-466D-B3A4-44D2FC09B40C}.Debug|x86.Build.0 = Debug|Any CPU
		{C3CD73D8-1CC3-466D-B3A4-44D2FC09B40C}.Release|Any CPU.ActiveCfg = Release|Any CPU
		{C3CD73D8-1CC3-466D-B3A4-44D2FC09B40C}.Release|Any CPU.Build.0 = Release|Any CPU
		{C3CD73D8-1CC3-466D-B3A4-44D2FC09B40C}.Release|x64.ActiveCfg = Release|Any CPU
		{C3CD73D8-1CC3-466D-B3A4-44D2FC09B40C}.Release|x64.Build.0 = Release|Any CPU
		{C3CD73D8-1CC3-466D-B3A4-44D2FC09B40C}.Release|x86.ActiveCfg = Release|Any CPU
		{C3CD73D8-1CC3-466D-B3A4-44D2FC09B40C}.Release|x86.Build.0 = Release|Any CPU
		{6B582524-0F26-4BFE-B29B-B84AF9763F25}.Debug|Any CPU.ActiveCfg = Debug|Any CPU
		{6B582524-0F26-4BFE-B29B-B84AF9763F25}.Debug|Any CPU.Build.0 = Debug|Any CPU
		{6B582524-0F26-4BFE-B29B-B84AF9763F25}.Debug|x64.ActiveCfg = Debug|Any CPU
		{6B582524-0F26-4BFE-B29B-B84AF9763F25}.Debug|x64.Build.0 = Debug|Any CPU
		{6B582524-0F26-4BFE-B29B-B84AF9763F25}.Debug|x86.ActiveCfg = Debug|Any CPU
		{6B582524-0F26-4BFE-B29B-B84AF9763F25}.Debug|x86.Build.0 = Debug|Any CPU
		{6B582524-0F26-4BFE-B29B-B84AF9763F25}.Release|Any CPU.ActiveCfg = Release|Any CPU
		{6B582524-0F26-4BFE-B29B-B84AF9763F25}.Release|Any CPU.Build.0 = Release|Any CPU
		{6B582524-0F26-4BFE-B29B-B84AF9763F25}.Release|x64.ActiveCfg = Release|Any CPU
		{6B582524-0F26-4BFE-B29B-B84AF9763F25}.Release|x64.Build.0 = Release|Any CPU
		{6B582524-0F26-4BFE-B29B-B84AF9763F25}.Release|x86.ActiveCfg = Release|Any CPU
		{6B582524-0F26-4BFE-B29B-B84AF9763F25}.Release|x86.Build.0 = Release|Any CPU
		{42769385-57C8-4735-8963-B4AE19B1600D}.Debug|Any CPU.ActiveCfg = Debug|Any CPU
		{42769385-57C8-4735-8963-B4AE19B1600D}.Debug|Any CPU.Build.0 = Debug|Any CPU
		{42769385-57C8-4735-8963-B4AE19B1600D}.Debug|x64.ActiveCfg = Debug|Any CPU
		{42769385-57C8-4735-8963-B4AE19B1600D}.Debug|x64.Build.0 = Debug|Any CPU
		{42769385-57C8-4735-8963-B4AE19B1600D}.Debug|x86.ActiveCfg = Debug|Any CPU
		{42769385-57C8-4735-8963-B4AE19B1600D}.Debug|x86.Build.0 = Debug|Any CPU
		{42769385-57C8-4735-8963-B4AE19B1600D}.Release|Any CPU.ActiveCfg = Release|Any CPU
		{42769385-57C8-4735-8963-B4AE19B1600D}.Release|Any CPU.Build.0 = Release|Any CPU
		{42769385-57C8-4735-8963-B4AE19B1600D}.Release|x64.ActiveCfg = Release|Any CPU
		{42769385-57C8-4735-8963-B4AE19B1600D}.Release|x64.Build.0 = Release|Any CPU
		{42769385-57C8-4735-8963-B4AE19B1600D}.Release|x86.ActiveCfg = Release|Any CPU
		{42769385-57C8-4735-8963-B4AE19B1600D}.Release|x86.Build.0 = Release|Any CPU
		{294F6755-BFE3-497D-9429-0AC09E21A7D3}.Debug|Any CPU.ActiveCfg = Debug|Any CPU
		{294F6755-BFE3-497D-9429-0AC09E21A7D3}.Debug|Any CPU.Build.0 = Debug|Any CPU
		{294F6755-BFE3-497D-9429-0AC09E21A7D3}.Debug|x64.ActiveCfg = Debug|Any CPU
		{294F6755-BFE3-497D-9429-0AC09E21A7D3}.Debug|x64.Build.0 = Debug|Any CPU
		{294F6755-BFE3-497D-9429-0AC09E21A7D3}.Debug|x86.ActiveCfg = Debug|Any CPU
		{294F6755-BFE3-497D-9429-0AC09E21A7D3}.Debug|x86.Build.0 = Debug|Any CPU
		{294F6755-BFE3-497D-9429-0AC09E21A7D3}.Release|Any CPU.ActiveCfg = Release|Any CPU
		{294F6755-BFE3-497D-9429-0AC09E21A7D3}.Release|Any CPU.Build.0 = Release|Any CPU
		{294F6755-BFE3-497D-9429-0AC09E21A7D3}.Release|x64.ActiveCfg = Release|Any CPU
		{294F6755-BFE3-497D-9429-0AC09E21A7D3}.Release|x64.Build.0 = Release|Any CPU
		{294F6755-BFE3-497D-9429-0AC09E21A7D3}.Release|x86.ActiveCfg = Release|Any CPU
		{294F6755-BFE3-497D-9429-0AC09E21A7D3}.Release|x86.Build.0 = Release|Any CPU
	EndGlobalSection
	GlobalSection(SolutionProperties) = preSolution
		HideSolutionNode = FALSE
	EndGlobalSection
	GlobalSection(NestedProjects) = preSolution
		{D2438FBC-9426-4015-9972-F6FB068BA211} = {176F68EC-DC4C-40DE-B1A3-5EE2C3555377}
		{1E88E576-029E-417C-9DEF-3592BE0861CA} = {176F68EC-DC4C-40DE-B1A3-5EE2C3555377}
		{26A1FCEA-22C7-4623-BBF0-9B1375633684} = {176F68EC-DC4C-40DE-B1A3-5EE2C3555377}
		{C045CD6F-9F6E-4CD2-B324-B7AC3EC32EE9} = {176F68EC-DC4C-40DE-B1A3-5EE2C3555377}
		{4FEB1991-7ACB-4F71-92D2-3EB542AEFE3D} = {176F68EC-DC4C-40DE-B1A3-5EE2C3555377}
		{478C51D2-A768-4D5C-868E-4B9D5C10EA6C} = {176F68EC-DC4C-40DE-B1A3-5EE2C3555377}
		{64C6B7F6-4FE1-424C-B761-AB0AD064DF4B} = {176F68EC-DC4C-40DE-B1A3-5EE2C3555377}
		{6B65F475-36EE-4A25-9638-8F4CDA9718CD} = {176F68EC-DC4C-40DE-B1A3-5EE2C3555377}
		{4AECF61F-4966-4CB6-8C76-BAC692CD1D98} = {176F68EC-DC4C-40DE-B1A3-5EE2C3555377}
		{AAA012CA-E568-470F-976B-5AB980BF4810} = {176F68EC-DC4C-40DE-B1A3-5EE2C3555377}
		{F75FA300-3826-4652-8F19-093896079828} = {176F68EC-DC4C-40DE-B1A3-5EE2C3555377}
		{94ADF1FB-FA76-4867-A731-6F54D1DF1D8D} = {176F68EC-DC4C-40DE-B1A3-5EE2C3555377}
		{3EFD92A1-8ACF-456D-85A5-2F01DB11DF9A} = {176F68EC-DC4C-40DE-B1A3-5EE2C3555377}
		{FE2CFBDC-01D4-4A0C-BC3A-5B2D2D16F9DE} = {176F68EC-DC4C-40DE-B1A3-5EE2C3555377}
		{5DFF86C1-8E87-4B4E-BE68-BF5930226FFA} = {176F68EC-DC4C-40DE-B1A3-5EE2C3555377}
		{5686D688-5F66-44E6-8AF3-CD2B9D17EE6A} = {176F68EC-DC4C-40DE-B1A3-5EE2C3555377}
		{0C6BAC9D-FED9-48F9-BAD7-AF363E0F2989} = {176F68EC-DC4C-40DE-B1A3-5EE2C3555377}
		{1BC8D1D4-D5C2-4A75-ADBA-C4416619D73F} = {176F68EC-DC4C-40DE-B1A3-5EE2C3555377}
		{E9D1ADC0-758D-4A53-8DD5-16D1356FD8EC} = {176F68EC-DC4C-40DE-B1A3-5EE2C3555377}
		{F71D9AC7-B58A-4288-9D12-A619AA61A10F} = {176F68EC-DC4C-40DE-B1A3-5EE2C3555377}
		{B517FC68-5B94-4D59-93BE-F2009C14E3F6} = {176F68EC-DC4C-40DE-B1A3-5EE2C3555377}
		{FF7B1EAF-6175-4E77-86C0-38883EC957FA} = {176F68EC-DC4C-40DE-B1A3-5EE2C3555377}
		{14305D53-48E4-4B29-A166-F126856CEE48} = {176F68EC-DC4C-40DE-B1A3-5EE2C3555377}
		{6C49AECB-F2FA-4648-B768-CD5FF94B3A66} = {176F68EC-DC4C-40DE-B1A3-5EE2C3555377}
		{C3CD73D8-1CC3-466D-B3A4-44D2FC09B40C} = {176F68EC-DC4C-40DE-B1A3-5EE2C3555377}
		{6B582524-0F26-4BFE-B29B-B84AF9763F25} = {176F68EC-DC4C-40DE-B1A3-5EE2C3555377}
		{42769385-57C8-4735-8963-B4AE19B1600D} = {176F68EC-DC4C-40DE-B1A3-5EE2C3555377}
		{294F6755-BFE3-497D-9429-0AC09E21A7D3} = {176F68EC-DC4C-40DE-B1A3-5EE2C3555377}
	EndGlobalSection
	GlobalSection(ExtensibilityGlobals) = postSolution
		SolutionGuid = {93B4730C-08D1-43FD-B2CF-B59C4AC270A7}
	EndGlobalSection
EndGlobal
